
Microsoft Visual Studio Solution File, Format Version 12.00
# Visual Studio 15
VisualStudioVersion = 15.0.26124.0
MinimumVisualStudioVersion = 15.0.26124.0
Project("{FAE04EC0-301F-11D3-BF4B-00C04F79EFBC}") = "R5T.Megara.Stockholm.Standard.Construction", "R5T.Megara.Stockholm.Standard.Construction\R5T.Megara.Stockholm.Standard.Construction.csproj", "{EDE0B917-767D-438E-B80A-041CF5FAA327}"
EndProject
Project("{FAE04EC0-301F-11D3-BF4B-00C04F79EFBC}") = "R5T.Megara.Stockholm.Standard", "R5T.Megara.Stockholm.Standard\R5T.Megara.Stockholm.Standard.csproj", "{14F43F26-FD36-4B09-9416-BA8436E37611}"
EndProject
Project("{FAE04EC0-301F-11D3-BF4B-00C04F79EFBC}") = "R5T.Megara.Stockholm.Standard.Testing", "R5T.Megara.Stockholm.Standard.Testing\R5T.Megara.Stockholm.Standard.Testing.csproj", "{2848FD7C-A3E6-4516-84BA-9971D18E5DA1}"
EndProject
Global
	GlobalSection(SolutionConfigurationPlatforms) = preSolution
		Debug|Any CPU = Debug|Any CPU
		Debug|x64 = Debug|x64
		Debug|x86 = Debug|x86
		Release|Any CPU = Release|Any CPU
		Release|x64 = Release|x64
		Release|x86 = Release|x86
	EndGlobalSection
	GlobalSection(SolutionProperties) = preSolution
		HideSolutionNode = FALSE
	EndGlobalSection
	GlobalSection(ProjectConfigurationPlatforms) = postSolution
		{EDE0B917-767D-438E-B80A-041CF5FAA327}.Debug|Any CPU.ActiveCfg = Debug|Any CPU
		{EDE0B917-767D-438E-B80A-041CF5FAA327}.Debug|Any CPU.Build.0 = Debug|Any CPU
		{EDE0B917-767D-438E-B80A-041CF5FAA327}.Debug|x64.ActiveCfg = Debug|Any CPU
		{EDE0B917-767D-438E-B80A-041CF5FAA327}.Debug|x64.Build.0 = Debug|Any CPU
		{EDE0B917-767D-438E-B80A-041CF5FAA327}.Debug|x86.ActiveCfg = Debug|Any CPU
		{EDE0B917-767D-438E-B80A-041CF5FAA327}.Debug|x86.Build.0 = Debug|Any CPU
		{EDE0B917-767D-438E-B80A-041CF5FAA327}.Release|Any CPU.ActiveCfg = Release|Any CPU
		{EDE0B917-767D-438E-B80A-041CF5FAA327}.Release|Any CPU.Build.0 = Release|Any CPU
		{EDE0B917-767D-438E-B80A-041CF5FAA327}.Release|x64.ActiveCfg = Release|Any CPU
		{EDE0B917-767D-438E-B80A-041CF5FAA327}.Release|x64.Build.0 = Release|Any CPU
		{EDE0B917-767D-438E-B80A-041CF5FAA327}.Release|x86.ActiveCfg = Release|Any CPU
		{EDE0B917-767D-438E-B80A-041CF5FAA327}.Release|x86.Build.0 = Release|Any CPU
		{14F43F26-FD36-4B09-9416-BA8436E37611}.Debug|Any CPU.ActiveCfg = Debug|Any CPU
		{14F43F26-FD36-4B09-9416-BA8436E37611}.Debug|Any CPU.Build.0 = Debug|Any CPU
		{14F43F26-FD36-4B09-9416-BA8436E37611}.Debug|x64.ActiveCfg = Debug|Any CPU
		{14F43F26-FD36-4B09-9416-BA8436E37611}.Debug|x64.Build.0 = Debug|Any CPU
		{14F43F26-FD36-4B09-9416-BA8436E37611}.Debug|x86.ActiveCfg = Debug|Any CPU
		{14F43F26-FD36-4B09-9416-BA8436E37611}.Debug|x86.Build.0 = Debug|Any CPU
		{14F43F26-FD36-4B09-9416-BA8436E37611}.Release|Any CPU.ActiveCfg = Release|Any CPU
		{14F43F26-FD36-4B09-9416-BA8436E37611}.Release|Any CPU.Build.0 = Release|Any CPU
		{14F43F26-FD36-4B09-9416-BA8436E37611}.Release|x64.ActiveCfg = Release|Any CPU
		{14F43F26-FD36-4B09-9416-BA8436E37611}.Release|x64.Build.0 = Release|Any CPU
		{14F43F26-FD36-4B09-9416-BA8436E37611}.Release|x86.ActiveCfg = Release|Any CPU
		{14F43F26-FD36-4B09-9416-BA8436E37611}.Release|x86.Build.0 = Release|Any CPU
		{2848FD7C-A3E6-4516-84BA-9971D18E5DA1}.Debug|Any CPU.ActiveCfg = Debug|Any CPU
		{2848FD7C-A3E6-4516-84BA-9971D18E5DA1}.Debug|Any CPU.Build.0 = Debug|Any CPU
		{2848FD7C-A3E6-4516-84BA-9971D18E5DA1}.Debug|x64.ActiveCfg = Debug|Any CPU
		{2848FD7C-A3E6-4516-84BA-9971D18E5DA1}.Debug|x64.Build.0 = Debug|Any CPU
		{2848FD7C-A3E6-4516-84BA-9971D18E5DA1}.Debug|x86.ActiveCfg = Debug|Any CPU
		{2848FD7C-A3E6-4516-84BA-9971D18E5DA1}.Debug|x86.Build.0 = Debug|Any CPU
		{2848FD7C-A3E6-4516-84BA-9971D18E5DA1}.Release|Any CPU.ActiveCfg = Release|Any CPU
		{2848FD7C-A3E6-4516-84BA-9971D18E5DA1}.Release|Any CPU.Build.0 = Release|Any CPU
		{2848FD7C-A3E6-4516-84BA-9971D18E5DA1}.Release|x64.ActiveCfg = Release|Any CPU
		{2848FD7C-A3E6-4516-84BA-9971D18E5DA1}.Release|x64.Build.0 = Release|Any CPU
		{2848FD7C-A3E6-4516-84BA-9971D18E5DA1}.Release|x86.ActiveCfg = Release|Any CPU
		{2848FD7C-A3E6-4516-84BA-9971D18E5DA1}.Release|x86.Build.0 = Release|Any CPU
	EndGlobalSection
EndGlobal
